
Microsoft Visual Studio Solution File, Format Version 12.00
# Visual Studio 15
VisualStudioVersion = 15.0.28010.2036
MinimumVisualStudioVersion = 10.0.40219.1
Project("{2150E333-8FDC-42A3-9474-1A3956D46DE8}") = "Business", "Business", "{797A745E-3753-47DE-80F0-2121025863CF}"
EndProject
Project("{2150E333-8FDC-42A3-9474-1A3956D46DE8}") = "Data", "Data", "{FEC7ED75-AAA0-4260-98B0-9E72A973099E}"
EndProject
Project("{2150E333-8FDC-42A3-9474-1A3956D46DE8}") = "Shared", "Shared", "{B0C378FD-41F6-42E8-BA17-0AAEE59C969D}"
EndProject
Project("{FAE04EC0-301F-11D3-BF4B-00C04F79EFBC}") = "App.Service", "App.Service\App.Service.csproj", "{9FE145E1-06EB-4D2F-9BA0-3D0473BF66F3}"
EndProject
Project("{FAE04EC0-301F-11D3-BF4B-00C04F79EFBC}") = "App.Data", "App.Data\App.Data.csproj", "{EBCEF6C2-3702-4CF1-B613-AACAD88F0640}"
EndProject
Project("{FAE04EC0-301F-11D3-BF4B-00C04F79EFBC}") = "App.Model", "App.Model\App.Model.csproj", "{24460FA1-8DD8-4C7A-816A-89E5154642DB}"
EndProject
Project("{FAE04EC0-301F-11D3-BF4B-00C04F79EFBC}") = "App.Common", "App.Common\App.Common.csproj", "{C0A6A7BE-3405-4DC0-8BB8-D86425D90964}"
EndProject
Project("{FAE04EC0-301F-11D3-BF4B-00C04F79EFBC}") = "WebApp.Api", "WebApp.Api\WebApp.Api.csproj", "{B176197B-A7DB-4E46-933F-FBB79FCAA50B}"
EndProject
Global
	GlobalSection(SolutionConfigurationPlatforms) = preSolution
		Debug|Any CPU = Debug|Any CPU
		Release|Any CPU = Release|Any CPU
	EndGlobalSection
	GlobalSection(ProjectConfigurationPlatforms) = postSolution
		{9FE145E1-06EB-4D2F-9BA0-3D0473BF66F3}.Debug|Any CPU.ActiveCfg = Debug|Any CPU
		{9FE145E1-06EB-4D2F-9BA0-3D0473BF66F3}.Debug|Any CPU.Build.0 = Debug|Any CPU
		{9FE145E1-06EB-4D2F-9BA0-3D0473BF66F3}.Release|Any CPU.ActiveCfg = Release|Any CPU
		{9FE145E1-06EB-4D2F-9BA0-3D0473BF66F3}.Release|Any CPU.Build.0 = Release|Any CPU
		{EBCEF6C2-3702-4CF1-B613-AACAD88F0640}.Debug|Any CPU.ActiveCfg = Debug|Any CPU
		{EBCEF6C2-3702-4CF1-B613-AACAD88F0640}.Debug|Any CPU.Build.0 = Debug|Any CPU
		{EBCEF6C2-3702-4CF1-B613-AACAD88F0640}.Release|Any CPU.ActiveCfg = Release|Any CPU
		{EBCEF6C2-3702-4CF1-B613-AACAD88F0640}.Release|Any CPU.Build.0 = Release|Any CPU
		{24460FA1-8DD8-4C7A-816A-89E5154642DB}.Debug|Any CPU.ActiveCfg = Debug|Any CPU
		{24460FA1-8DD8-4C7A-816A-89E5154642DB}.Debug|Any CPU.Build.0 = Debug|Any CPU
		{24460FA1-8DD8-4C7A-816A-89E5154642DB}.Release|Any CPU.ActiveCfg = Release|Any CPU
		{24460FA1-8DD8-4C7A-816A-89E5154642DB}.Release|Any CPU.Build.0 = Release|Any CPU
		{C0A6A7BE-3405-4DC0-8BB8-D86425D90964}.Debug|Any CPU.ActiveCfg = Debug|Any CPU
		{C0A6A7BE-3405-4DC0-8BB8-D86425D90964}.Debug|Any CPU.Build.0 = Debug|Any CPU
		{C0A6A7BE-3405-4DC0-8BB8-D86425D90964}.Release|Any CPU.ActiveCfg = Release|Any CPU
		{C0A6A7BE-3405-4DC0-8BB8-D86425D90964}.Release|Any CPU.Build.0 = Release|Any CPU
		{B176197B-A7DB-4E46-933F-FBB79FCAA50B}.Debug|Any CPU.ActiveCfg = Debug|Any CPU
		{B176197B-A7DB-4E46-933F-FBB79FCAA50B}.Debug|Any CPU.Build.0 = Debug|Any CPU
		{B176197B-A7DB-4E46-933F-FBB79FCAA50B}.Release|Any CPU.ActiveCfg = Release|Any CPU
		{B176197B-A7DB-4E46-933F-FBB79FCAA50B}.Release|Any CPU.Build.0 = Release|Any CPU
	EndGlobalSection
	GlobalSection(SolutionProperties) = preSolution
		HideSolutionNode = FALSE
	EndGlobalSection
	GlobalSection(NestedProjects) = preSolution
		{9FE145E1-06EB-4D2F-9BA0-3D0473BF66F3} = {797A745E-3753-47DE-80F0-2121025863CF}
		{EBCEF6C2-3702-4CF1-B613-AACAD88F0640} = {FEC7ED75-AAA0-4260-98B0-9E72A973099E}
		{24460FA1-8DD8-4C7A-816A-89E5154642DB} = {FEC7ED75-AAA0-4260-98B0-9E72A973099E}
		{C0A6A7BE-3405-4DC0-8BB8-D86425D90964} = {B0C378FD-41F6-42E8-BA17-0AAEE59C969D}
	EndGlobalSection
	GlobalSection(ExtensibilityGlobals) = postSolution
		SolutionGuid = {F11CB3BE-9351-4672-8587-6202A10EB22D}
	EndGlobalSection
EndGlobal
